{
  "object": {
    "pins": [
      {
        "package": "BigInt",
        "repositoryURL": "https://github.com/attaswift/BigInt.git",
        "state": {
          "branch": null,
          "revision": "0ed110f7555c34ff468e72e1686e59721f2b0da6",
          "version": "5.3.0"
        }
      },
      {
        "package": "BouncyLayout",
        "repositoryURL": "https://github.com/roberthein/BouncyLayout.git",
        "state": {
          "branch": null,
          "revision": "72773ac14234f30913dd0b207d76bcc39fff64fa",
          "version": "2.3.1"
        }
      },
      {
        "package": "CryptoSwift",
        "repositoryURL": "https://github.com/krzyzanowskim/CryptoSwift.git",
        "state": {
          "branch": null,
          "revision": "4b0565384d3c4c588af09e660535b2c7c9bf5b39",
          "version": "1.4.2"
        }
      },
      {
        "package": "IQKeyboardManagerSwift",
        "repositoryURL": "https://github.com/hackiftekhar/IQKeyboardManager.git",
        "state": {
          "branch": null,
          "revision": "4dc6bc7d1c9747bd0c261c8c055903f9fdef91f7",
          "version": "6.5.6"
        }
      },
      {
        "package": "keccak256",
        "repositoryURL": "https://github.com/yeeth/keccak256.swift",
        "state": {
          "branch": "master",
          "revision": "1a71ee667b55250077550147e8749ec864c469a8",
          "version": null
        }
      },
      {
        "package": "PanModal",
        "repositoryURL": "https://github.com/slackhq/PanModal.git",
        "state": {
          "branch": null,
          "revision": "b012aecb6b67a8e46369227f893c12544846613f",
          "version": "1.2.7"
        }
      },
      {
        "package": "PromiseKit",
        "repositoryURL": "https://github.com/mxcl/PromiseKit.git",
        "state": {
          "branch": null,
          "revision": "93c8d41ce96ed78f36c3948be396d76f3ca3de1b",
          "version": "6.16.2"
        }
      },
      {
        "package": "secp256k1",
        "repositoryURL": "https://github.com/Boilertalk/secp256k1.swift.git",
        "state": {
          "branch": "master",
          "revision": "823281fe9def21b384099b72a9a53ca988317b20",
          "version": null
        }
      },
      {
        "package": "swift-crypto",
        "repositoryURL": "https://github.com/apple/swift-crypto.git",
        "state": {
          "branch": null,
          "revision": "9b5ef28601a9c745c9cdb54d3f243e28ac830982",
          "version": "2.0.1"
        }
      },
      {
        "package": "SwiftKeccak",
        "repositoryURL": "https://github.com/bitflying/SwiftKeccak.git",
        "state": {
          "branch": null,
          "revision": "698d440536f87628a4b326ff2d7ea7030c3ab026",
          "version": "0.1.0"
        }
      },
      {
        "package": "Toast",
        "repositoryURL": "https://github.com/scalessec/Toast-Swift",
        "state": {
          "branch": null,
          "revision": "0c9493eeacb102cc614da385cfaaf475379f4ab4",
          "version": "5.0.1"
        }
      },
      {
        "package": "UInt256",
        "repositoryURL": "https://github.com/hyugit/UInt256.git",
        "state": {
          "branch": null,
          "revision": "1a499a1bf08afd10b9fcd0fd6d90b6dd9196be50",
          "version": "0.2.2"
        }
      },
      {
        "package": "Web3",
        "repositoryURL": "https://github.com/Boilertalk/Web3.swift.git",
        "state": {
          "branch": "master",
          "revision": "1a6830ecc093f0f19054fed4c135dfee7bebe2b2",
          "version": null
        }
      }
    ]
  },
  "version": 1
}
